
Microsoft Visual Studio Solution File, Format Version 12.00
# Visual Studio Version 16
VisualStudioVersion = 16.0.29424.173
MinimumVisualStudioVersion = 10.0.40219.1
Project("{8BC9CEB8-8B4A-11D0-8D11-00A0C91BC942}") = "Typed_file", "Typed_file\Typed_file.vcxproj", "{926D4301-68FD-43C7-8D95-1F67FB5FA155}"
EndProject
Global
	GlobalSection(SolutionConfigurationPlatforms) = preSolution
		Debug|x64 = Debug|x64
		Debug|x86 = Debug|x86
		Release|x64 = Release|x64
		Release|x86 = Release|x86
	EndGlobalSection
	GlobalSection(ProjectConfigurationPlatforms) = postSolution
		{926D4301-68FD-43C7-8D95-1F67FB5FA155}.Debug|x64.ActiveCfg = Debug|x64
		{926D4301-68FD-43C7-8D95-1F67FB5FA155}.Debug|x64.Build.0 = Debug|x64
		{926D4301-68FD-43C7-8D95-1F67FB5FA155}.Debug|x86.ActiveCfg = Debug|Win32
		{926D4301-68FD-43C7-8D95-1F67FB5FA155}.Debug|x86.Build.0 = Debug|Win32
		{926D4301-68FD-43C7-8D95-1F67FB5FA155}.Release|x64.ActiveCfg = Release|x64
		{926D4301-68FD-43C7-8D95-1F67FB5FA155}.Release|x64.Build.0 = Release|x64
		{926D4301-68FD-43C7-8D95-1F67FB5FA155}.Release|x86.ActiveCfg = Release|Win32
		{926D4301-68FD-43C7-8D95-1F67FB5FA155}.Release|x86.Build.0 = Release|Win32
	EndGlobalSection
	GlobalSection(SolutionProperties) = preSolution
		HideSolutionNode = FALSE
	EndGlobalSection
	GlobalSection(ExtensibilityGlobals) = postSolution
		SolutionGuid = {374E0094-34E5-411A-8283-8F61667A1E77}
	EndGlobalSection
EndGlobal
